
Microsoft Visual Studio Solution File, Format Version 12.00
# Visual Studio Version 16
VisualStudioVersion = 16.0.32901.84
MinimumVisualStudioVersion = 10.0.40219.1
Project("{9A19103F-16F7-4668-BE54-9A1E7A4F7556}") = "FarmasiCase", "FarmasiCase\FarmasiCase.csproj", "{8C78C586-34D2-4790-8C0A-550AA1912823}"
EndProject
Global
	GlobalSection(SolutionConfigurationPlatforms) = preSolution
		Debug|Any CPU = Debug|Any CPU
		Release|Any CPU = Release|Any CPU
	EndGlobalSection
	GlobalSection(ProjectConfigurationPlatforms) = postSolution
		{8C78C586-34D2-4790-8C0A-550AA1912823}.Debug|Any CPU.ActiveCfg = Debug|Any CPU
		{8C78C586-34D2-4790-8C0A-550AA1912823}.Debug|Any CPU.Build.0 = Debug|Any CPU
		{8C78C586-34D2-4790-8C0A-550AA1912823}.Release|Any CPU.ActiveCfg = Release|Any CPU
		{8C78C586-34D2-4790-8C0A-550AA1912823}.Release|Any CPU.Build.0 = Release|Any CPU
	EndGlobalSection
	GlobalSection(SolutionProperties) = preSolution
		HideSolutionNode = FALSE
	EndGlobalSection
	GlobalSection(ExtensibilityGlobals) = postSolution
		SolutionGuid = {655D700B-3AA4-4D02-9780-784A7A51978E}
	EndGlobalSection
EndGlobal
